
Microsoft Visual Studio Solution File, Format Version 12.00
# Visual Studio Version 16
VisualStudioVersion = 16.0.30611.23
MinimumVisualStudioVersion = 10.0.40219.1
Project("{FAE04EC0-301F-11D3-BF4B-00C04F79EFBC}") = "BarboraElevator", "BarboraElevator\BarboraElevator.csproj", "{CE641DE3-D59E-44F1-8FE6-814AFF79FA87}"
EndProject
Global
	GlobalSection(SolutionConfigurationPlatforms) = preSolution
		Debug|Any CPU = Debug|Any CPU
		Release|Any CPU = Release|Any CPU
	EndGlobalSection
	GlobalSection(ProjectConfigurationPlatforms) = postSolution
		{CE641DE3-D59E-44F1-8FE6-814AFF79FA87}.Debug|Any CPU.ActiveCfg = Debug|Any CPU
		{CE641DE3-D59E-44F1-8FE6-814AFF79FA87}.Debug|Any CPU.Build.0 = Debug|Any CPU
		{CE641DE3-D59E-44F1-8FE6-814AFF79FA87}.Release|Any CPU.ActiveCfg = Release|Any CPU
		{CE641DE3-D59E-44F1-8FE6-814AFF79FA87}.Release|Any CPU.Build.0 = Release|Any CPU
	EndGlobalSection
	GlobalSection(SolutionProperties) = preSolution
		HideSolutionNode = FALSE
	EndGlobalSection
	GlobalSection(ExtensibilityGlobals) = postSolution
		SolutionGuid = {A108410D-B75D-4EEA-9F26-3F16CE1D33EE}
	EndGlobalSection
EndGlobal
